// !$*UTF8*$!
{
	archiveVersion = 1;
	classes = {
	};
	objectVersion = 46;
	objects = {

/* Begin PBXBuildFile section */
		49E0980D1558473400CA6617 /* UIKit.framework in Frameworks */ = {isa = PBXBuildFile; fileRef = 49E0980C1558473400CA6617 /* UIKit.framework */; };
		49E0980F1558473400CA6617 /* Foundation.framework in Frameworks */ = {isa = PBXBuildFile; fileRef = 49E0980E1558473400CA6617 /* Foundation.framework */; };
		49E098111558473400CA6617 /* CoreGraphics.framework in Frameworks */ = {isa = PBXBuildFile; fileRef = 49E098101558473400CA6617 /* CoreGraphics.framework */; };
		49E098171558473400CA6617 /* InfoPlist.strings in Resources */ = {isa = PBXBuildFile; fileRef = 49E098151558473400CA6617 /* InfoPlist.strings */; };
		49E098191558473400CA6617 /* main.m in Sources */ = {isa = PBXBuildFile; fileRef = 49E098181558473400CA6617 /* main.m */; };
		49E0981D1558473400CA6617 /* AppDelegate.m in Sources */ = {isa = PBXBuildFile; fileRef = 49E0981C1558473400CA6617 /* AppDelegate.m */; };
		49E098201558473400CA6617 /* ViewController.m in Sources */ = {isa = PBXBuildFile; fileRef = 49E0981F1558473400CA6617 /* ViewController.m */; };
		49E098231558473400CA6617 /* ViewController_iPhone.xib in Resources */ = {isa = PBXBuildFile; fileRef = 49E098211558473400CA6617 /* ViewController_iPhone.xib */; };
		49E098261558473400CA6617 /* ViewController_iPad.xib in Resources */ = {isa = PBXBuildFile; fileRef = 49E098241558473400CA6617 /* ViewController_iPad.xib */; };
/* End PBXBuildFile section */

/* Begin PBXFileReference section */
		49E098081558473400CA6617 /* ChatBubbles.app */ = {isa = PBXFileReference; explicitFileType = wrapper.application; includeInIndex = 0; path = ChatBubbles.app; sourceTree = BUILT_PRODUCTS_DIR; };
		49E0980C1558473400CA6617 /* UIKit.framework */ = {isa = PBXFileReference; lastKnownFileType = wrapper.framework; name = UIKit.framework; path = System/Library/Frameworks/UIKit.framework; sourceTree = SDKROOT; };
		49E0980E1558473400CA6617 /* Foundation.framework */ = {isa = PBXFileReference; lastKnownFileType = wrapper.framework; name = Foundation.framework; path = System/Library/Frameworks/Foundation.framework; sourceTree = SDKROOT; };
		49E098101558473400CA6617 /* CoreGraphics.framework */ = {isa = PBXFileReference; lastKnownFileType = wrapper.framework; name = CoreGraphics.framework; path = System/Library/Frameworks/CoreGraphics.framework; sourceTree = SDKROOT; };
		49E098141558473400CA6617 /* ChatBubbles-Info.plist */ = {isa = PBXFileReference; path = "ChatBubbles-Info.plist"; sourceTree = "<group>"; };
		49E098161558473400CA6617 /* en */ = {isa = PBXFileReference; lastKnownFileType = text.plist.strings; name = en; path = en.lproj/InfoPlist.strings; sourceTree = "<group>"; };
		49E098181558473400CA6617 /* main.m */ = {isa = PBXFileReference; lastKnownFileType = sourcecode.c.objc; path = main.m; sourceTree = "<group>"; };
		49E0981A1558473400CA6617 /* ChatBubbles-Prefix.pch */ = {isa = PBXFileReference; path = "ChatBubbles-Prefix.pch"; sourceTree = "<group>"; };
		49E0981B1558473400CA6617 /* AppDelegate.h */ = {isa = PBXFileReference; path = AppDelegate.h; sourceTree = "<group>"; };
		49E0981C1558473400CA6617 /* AppDelegate.m */ = {isa = PBXFileReference; lastKnownFileType = sourcecode.c.objc; path = AppDelegate.m; sourceTree = "<group>"; };
		49E0981E1558473400CA6617 /* ViewController.h */ = {isa = PBXFileReference; path = ViewController.h; sourceTree = "<group>"; };
		49E0981F1558473400CA6617 /* ViewController.m */ = {isa = PBXFileReference; lastKnownFileType = sourcecode.c.objc; path = ViewController.m; sourceTree = "<group>"; };
		49E098221558473400CA6617 /* en */ = {isa = PBXFileReference; lastKnownFileType = file.xib; name = en; path = en.lproj/ViewController_iPhone.xib; sourceTree = "<group>"; };
		49E098251558473400CA6617 /* en */ = {isa = PBXFileReference; lastKnownFileType = file.xib; name = en; path = en.lproj/ViewController_iPad.xib; sourceTree = "<group>"; };
/* End PBXFileReference section */

/* Begin PBXFrameworksBuildPhase section */
		49E098051558473400CA6617 /* Frameworks */ = {
			isa = PBXFrameworksBuildPhase;
			buildActionMask = 2147483647;
			files = (
				49E0980D1558473400CA6617 /* UIKit.framework in Frameworks */,
				49E0980F1558473400CA6617 /* Foundation.framework in Frameworks */,
				49E098111558473400CA6617 /* CoreGraphics.framework in Frameworks */,
			);
			runOnlyForDeploymentPostprocessing = 0;
		};
/* End PBXFrameworksBuildPhase section */

/* Begin PBXGroup section */
		49E097FD1558473400CA6617 = {
			isa = PBXGroup;
			children = (
				49E098121558473400CA6617 /* ChatBubbles */,
				49E0980B1558473400CA6617 /* Frameworks */,
				49E098091558473400CA6617 /* Products */,
			);
			sourceTree = "<group>";
		};
		49E098091558473400CA6617 /* Products */ = {
			isa = PBXGroup;
			children = (
				49E098081558473400CA6617 /* ChatBubbles.app */,
			);
			name = Products;
			sourceTree = "<group>";
		};
		49E0980B1558473400CA6617 /* Frameworks */ = {
			isa = PBXGroup;
			children = (
				49E0980C1558473400CA6617 /* UIKit.framework */,
				49E0980E1558473400CA6617 /* Foundation.framework */,
				49E098101558473400CA6617 /* CoreGraphics.framework */,
			);
			name = Frameworks;
			sourceTree = "<group>";
		};
		49E098121558473400CA6617 /* ChatBubbles */ = {
			isa = PBXGroup;
			children = (
				49E0981B1558473400CA6617 /* AppDelegate.h */,
				49E0981C1558473400CA6617 /* AppDelegate.m */,
				49E0981E1558473400CA6617 /* ViewController.h */,
				49E0981F1558473400CA6617 /* ViewController.m */,
				49E098211558473400CA6617 /* ViewController_iPhone.xib */,
				49E098241558473400CA6617 /* ViewController_iPad.xib */,
				49E098131558473400CA6617 /* Supporting Files */,
			);
			path = ChatBubbles;
			sourceTree = "<group>";
		};
		49E098131558473400CA6617 /* Supporting Files */ = {
			isa = PBXGroup;
			children = (
				49E098141558473400CA6617 /* ChatBubbles-Info.plist */,
				49E098151558473400CA6617 /* InfoPlist.strings */,
				49E098181558473400CA6617 /* main.m */,
				49E0981A1558473400CA6617 /* ChatBubbles-Prefix.pch */,
			);
			name = "Supporting Files";
			sourceTree = "<group>";
		};
/* End PBXGroup section */

/* Begin PBXNativeTarget section */
		49E098071558473400CA6617 /* ChatBubbles */ = {
			isa = PBXNativeTarget;
			buildConfigurationList = 49E098291558473400CA6617 /* Build configuration list for PBXNativeTarget "ChatBubbles" */;
			buildPhases = (
				49E098041558473400CA6617 /* Sources */,
				49E098051558473400CA6617 /* Frameworks */,
				49E098061558473400CA6617 /* Resources */,
			);
			buildRules = (
			);
			dependencies = (
			);
			name = ChatBubbles;
			productName = ChatBubbles;
			productReference = 49E098081558473400CA6617 /* ChatBubbles.app */;
			productType = "com.apple.product-type.application";
		};
/* End PBXNativeTarget section */

/* Begin PBXProject section */
		49E097FF1558473400CA6617 /* Project object */ = {
			isa = PBXProject;
			attributes = {
				LastUpgradeCheck = 0430;
			};
			buildConfigurationList = 49E098021558473400CA6617 /* Build configuration list for PBXProject "ChatBubbles" */;
			compatibilityVersion = "Xcode 3.2";
			developmentRegion = English;
			hasScannedForEncodings = 0;
			knownRegions = (
				en,
			);
			mainGroup = 49E097FD1558473400CA6617;
			productRefGroup = 49E098091558473400CA6617 /* Products */;
			projectDirPath = "";
			projectRoot = "";
			targets = (
				49E098071558473400CA6617 /* ChatBubbles */,
			);
		};
/* End PBXProject section */

/* Begin PBXResourcesBuildPhase section */
		49E098061558473400CA6617 /* Resources */ = {
			isa = PBXResourcesBuildPhase;
			buildActionMask = 2147483647;
			files = (
				49E098171558473400CA6617 /* InfoPlist.strings in Resources */,
				49E098231558473400CA6617 /* ViewController_iPhone.xib in Resources */,
				49E098261558473400CA6617 /* ViewController_iPad.xib in Resources */,
			);
			runOnlyForDeploymentPostprocessing = 0;
		};
/* End PBXResourcesBuildPhase section */

/* Begin PBXSourcesBuildPhase section */
		49E098041558473400CA6617 /* Sources */ = {
			isa = PBXSourcesBuildPhase;
			buildActionMask = 2147483647;
			files = (
				49E098191558473400CA6617 /* main.m in Sources */,
				49E0981D1558473400CA6617 /* AppDelegate.m in Sources */,
				49E098201558473400CA6617 /* ViewController.m in Sources */,
			);
			runOnlyForDeploymentPostprocessing = 0;
		};
/* End PBXSourcesBuildPhase section */

/* Begin PBXVariantGroup section */
		49E098151558473400CA6617 /* InfoPlist.strings */ = {
			isa = PBXVariantGroup;
			children = (
				49E098161558473400CA6617 /* en */,
			);
			name = InfoPlist.strings;
			sourceTree = "<group>";
		};
		49E098211558473400CA6617 /* ViewController_iPhone.xib */ = {
			isa = PBXVariantGroup;
			children = (
				49E098221558473400CA6617 /* en */,
			);
			name = ViewController_iPhone.xib;
			sourceTree = "<group>";
		};
		49E098241558473400CA6617 /* ViewController_iPad.xib */ = {
			isa = PBXVariantGroup;
			children = (
				49E098251558473400CA6617 /* en */,
			);
			name = ViewController_iPad.xib;
			sourceTree = "<group>";
		};
/* End PBXVariantGroup section */

/* Begin XCBuildConfiguration section */
		49E098271558473400CA6617 /* Debug */ = {
			isa = XCBuildConfiguration;
			buildSettings = {
				ALWAYS_SEARCH_USER_PATHS = NO;
				ARCHS = "$(ARCHS_STANDARD_32_BIT)";
				"CODE_SIGN_IDENTITY[sdk=iphoneos*]" = "iPhone Developer";
				COPY_PHASE_STRIP = NO;
				GCC_C_LANGUAGE_STANDARD = gnu99;
				GCC_DYNAMIC_NO_PIC = NO;
				GCC_OPTIMIZATION_LEVEL = 0;
				GCC_PREPROCESSOR_DEFINITIONS = (
					"DEBUG=1",
					"$(inherited)",
				);
				GCC_SYMBOLS_PRIVATE_EXTERN = NO;
				GCC_VERSION = com.apple.compilers.llvm.clang.1_0;
				GCC_WARN_ABOUT_RETURN_TYPE = YES;
				GCC_WARN_UNINITIALIZED_AUTOS = YES;
				GCC_WARN_UNUSED_VARIABLE = YES;
				IPHONEOS_DEPLOYMENT_TARGET = 5.1;
				SDKROOT = iphoneos;
				TARGETED_DEVICE_FAMILY = "1,2";
			};
			name = Debug;
		};
		49E098281558473400CA6617 /* Release */ = {
			isa = XCBuildConfiguration;
			buildSettings = {
				ALWAYS_SEARCH_USER_PATHS = NO;
				ARCHS = "$(ARCHS_STANDARD_32_BIT)";
				"CODE_SIGN_IDENTITY[sdk=iphoneos*]" = "iPhone Developer";
				COPY_PHASE_STRIP = YES;
				GCC_C_LANGUAGE_STANDARD = gnu99;
				GCC_VERSION = com.apple.compilers.llvm.clang.1_0;
				GCC_WARN_ABOUT_RETURN_TYPE = YES;
				GCC_WARN_UNINITIALIZED_AUTOS = YES;
				GCC_WARN_UNUSED_VARIABLE = YES;
				IPHONEOS_DEPLOYMENT_TARGET = 5.1;
				OTHER_CFLAGS = "-DNS_BLOCK_ASSERTIONS=1";
				SDKROOT = iphoneos;
				TARGETED_DEVICE_FAMILY = "1,2";
				VALIDATE_PRODUCT = YES;
			};
			name = Release;
		};
		49E0982A1558473400CA6617 /* Debug */ = {
			isa = XCBuildConfiguration;
			buildSettings = {
				GCC_PRECOMPILE_PREFIX_HEADER = YES;
				GCC_PREFIX_HEADER = "ChatBubbles/ChatBubbles-Prefix.pch";
				INFOPLIST_FILE = "ChatBubbles/ChatBubbles-Info.plist";
				PRODUCT_NAME = "$(TARGET_NAME)";
				WRAPPER_EXTENSION = app;
			};
			name = Debug;
		};
		49E0982B1558473400CA6617 /* Release */ = {
			isa = XCBuildConfiguration;
			buildSettings = {
				GCC_PRECOMPILE_PREFIX_HEADER = YES;
				GCC_PREFIX_HEADER = "ChatBubbles/ChatBubbles-Prefix.pch";
				INFOPLIST_FILE = "ChatBubbles/ChatBubbles-Info.plist";
				PRODUCT_NAME = "$(TARGET_NAME)";
				WRAPPER_EXTENSION = app;
			};
			name = Release;
		};
/* End XCBuildConfiguration section */

/* Begin XCConfigurationList section */
		49E098021558473400CA6617 /* Build configuration list for PBXProject "ChatBubbles" */ = {
			isa = XCConfigurationList;
			buildConfigurations = (
				49E098271558473400CA6617 /* Debug */,
				49E098281558473400CA6617 /* Release */,
			);
			defaultConfigurationIsVisible = 0;
			defaultConfigurationName = Release;
		};
		49E098291558473400CA6617 /* Build configuration list for PBXNativeTarget "ChatBubbles" */ = {
			isa = XCConfigurationList;
			buildConfigurations = (
				49E0982A1558473400CA6617 /* Debug */,
				49E0982B1558473400CA6617 /* Release */,
			);
			defaultConfigurationIsVisible = 0;
		};
/* End XCConfigurationList section */
	};
	rootObject = 49E097FF1558473400CA6617 /* Project object */;
}
